
Microsoft Visual Studio Solution File, Format Version 12.00
# Visual Studio 15
VisualStudioVersion = 15.0.28307.329
MinimumVisualStudioVersion = 10.0.40219.1
Project("{FAE04EC0-301F-11D3-BF4B-00C04F79EFBC}") = "GameOfGoose", "GameOfGoose\GameOfGoose.csproj", "{620417DA-DE41-4F26-92BC-EB932580FB62}"
EndProject
Global
	GlobalSection(SolutionConfigurationPlatforms) = preSolution
		Debug|Any CPU = Debug|Any CPU
		Release|Any CPU = Release|Any CPU
	EndGlobalSection
	GlobalSection(ProjectConfigurationPlatforms) = postSolution
		{620417DA-DE41-4F26-92BC-EB932580FB62}.Debug|Any CPU.ActiveCfg = Debug|Any CPU
		{620417DA-DE41-4F26-92BC-EB932580FB62}.Debug|Any CPU.Build.0 = Debug|Any CPU
		{620417DA-DE41-4F26-92BC-EB932580FB62}.Release|Any CPU.ActiveCfg = Release|Any CPU
		{620417DA-DE41-4F26-92BC-EB932580FB62}.Release|Any CPU.Build.0 = Release|Any CPU
	EndGlobalSection
	GlobalSection(SolutionProperties) = preSolution
		HideSolutionNode = FALSE
	EndGlobalSection
	GlobalSection(ExtensibilityGlobals) = postSolution
		SolutionGuid = {442433AF-3550-4700-964B-E6148654DA2E}
	EndGlobalSection
EndGlobal
